<?xml version="1.0" encoding="utf-8"?>
<Project ToolsVersion="4.0" xmlns="http://schemas.microsoft.com/developer/msbuild/2003">
  <ItemGroup>
    <ClInclude Include="$(MSBuildThisFileDirectory)EntityMessage.h" />
    <ClInclude Include="$(MSBuildThisFileDirectory)Directions.h" />
    <ClInclude Include="$(MSBuildThisFileDirectory)BitMask.h" />
    <ClInclude Include="$(MSBuildThisFileDirectory)C_Base.h" />
    <ClInclude Include="$(MSBuildThisFileDirectory)Message.h" />
    <ClInclude Include="$(MSBuildThisFileDirectory)Observer.h" />
    <ClInclude Include="$(MSBuildThisFileDirectory)Usings.h" />
    <ClInclude Include="$(MSBuildThisFileDirectory)ECS_Types.h" />
    <ClInclude Include="$(MSBuildThisFileDirectory)C_Position.h" />
    <ClInclude Include="$(MSBuildThisFileDirectory)S_Base.h" />
    <ClInclude Include="$(MSBuildThisFileDirectory)Utils.h" />
    <ClInclude Include="$(MSBuildThisFileDirectory)Entity_Manager.h" />
    <ClInclude Include="$(MSBuildThisFileDirectory)MessageHandler.h" />
    <ClInclude Include="$(MSBuildThisFileDirectory)Communicator.h" />
    <ClInclude Include="$(MSBuildThisFileDirectory)EventQueue.h" />
    <ClInclude Include="$(MSBuildThisFileDirectory)System_Manager.h" />
    <ClInclude Include="$(MSBuildThisFileDirectory)ResourceManager.h" />
    <ClInclude Include="$(MSBuildThisFileDirectory)C_Movable.h" />
    <ClInclude Include="$(MSBuildThisFileDirectory)C_State.h" />
    <ClInclude Include="$(MSBuildThisFileDirectory)S_State.h" />
    <ClInclude Include="$(MSBuildThisFileDirectory)S_Control.h" />
    <ClInclude Include="$(MSBuildThisFileDirectory)C_Collidable.h" />
    <ClInclude Include="$(MSBuildThisFileDirectory)Packet.h" />
    <ClInclude Include="$(MSBuildThisFileDirectory)UDPSocket.h" />
    <ClInclude Include="$(MSBuildThisFileDirectory)C_Client.h" />
    <ClInclude Include="$(MSBuildThisFileDirectory)NetworkDefinitions.h" />
    <ClInclude Include="$(MSBuildThisFileDirectory)EntitySnapshot.h" />
    <ClInclude Include="$(MSBuildThisFileDirectory)C_TimedComponentBase.h" />
    <ClInclude Include="$(MSBuildThisFileDirectory)PacketTypes.h" />
    <ClInclude Include="$(MSBuildThisFileDirectory)Clock.h" />
    <ClInclude Include="$(MSBuildThisFileDirectory)Lock.h" />
    <ClInclude Include="$(MSBuildThisFileDirectory)C_Health.h" />
    <ClInclude Include="$(MSBuildThisFileDirectory)C_Attacker.h" />
  </ItemGroup>
  <ItemGroup>
    <ClCompile Include="$(MSBuildThisFileDirectory)S_Base.cpp" />
    <ClCompile Include="$(MSBuildThisFileDirectory)Entity_Manager.cpp" />
    <ClCompile Include="$(MSBuildThisFileDirectory)System_Manager.cpp" />
    <ClCompile Include="$(MSBuildThisFileDirectory)S_State.cpp" />
    <ClCompile Include="$(MSBuildThisFileDirectory)S_Control.cpp" />
    <ClCompile Include="$(MSBuildThisFileDirectory)Packet.cpp" />
    <ClCompile Include="$(MSBuildThisFileDirectory)UDPSocket.cpp" />
    <ClCompile Include="$(MSBuildThisFileDirectory)EntitySnapshot.cpp" />
    <ClCompile Include="$(MSBuildThisFileDirectory)PacketTypes.cpp" />
    <ClCompile Include="$(MSBuildThisFileDirectory)Clock.cpp" />
  </ItemGroup>
</Project>